
Microsoft Visual Studio Solution File, Format Version 12.00
# Visual Studio Version 16
VisualStudioVersion = 16.0.31729.503
MinimumVisualStudioVersion = 10.0.40219.1
Project("{FAE04EC0-301F-11D3-BF4B-00C04F79EFBC}") = "TesteGit", "TesteGit\TesteGit.csproj", "{FAF6DA0F-7BB8-4C90-94E9-1E451E6D7B05}"
EndProject
Global
	GlobalSection(SolutionConfigurationPlatforms) = preSolution
		Debug|Any CPU = Debug|Any CPU
		Release|Any CPU = Release|Any CPU
	EndGlobalSection
	GlobalSection(ProjectConfigurationPlatforms) = postSolution
		{FAF6DA0F-7BB8-4C90-94E9-1E451E6D7B05}.Debug|Any CPU.ActiveCfg = Debug|Any CPU
		{FAF6DA0F-7BB8-4C90-94E9-1E451E6D7B05}.Debug|Any CPU.Build.0 = Debug|Any CPU
		{FAF6DA0F-7BB8-4C90-94E9-1E451E6D7B05}.Release|Any CPU.ActiveCfg = Release|Any CPU
		{FAF6DA0F-7BB8-4C90-94E9-1E451E6D7B05}.Release|Any CPU.Build.0 = Release|Any CPU
	EndGlobalSection
	GlobalSection(SolutionProperties) = preSolution
		HideSolutionNode = FALSE
	EndGlobalSection
	GlobalSection(ExtensibilityGlobals) = postSolution
		SolutionGuid = {21C01CCD-C56C-49E8-B3B7-365B72D9C38A}
	EndGlobalSection
EndGlobal
